
Microsoft Visual Studio Solution File, Format Version 12.00
# Visual Studio 15
VisualStudioVersion = 15.0.27130.2036
MinimumVisualStudioVersion = 10.0.40219.1
Project("{9092AA53-FB77-4645-B42D-1CCCA6BD08BD}") = "ExpressTS", "ExpressTS\ExpressTS.njsproj", "{E34CA6FE-29E1-4C2C-9587-F52B29E09D10}"
EndProject
Global
	GlobalSection(SolutionConfigurationPlatforms) = preSolution
		Debug|Any CPU = Debug|Any CPU
		Release|Any CPU = Release|Any CPU
	EndGlobalSection
	GlobalSection(ProjectConfigurationPlatforms) = postSolution
		{E34CA6FE-29E1-4C2C-9587-F52B29E09D10}.Debug|Any CPU.ActiveCfg = Debug|Any CPU
		{E34CA6FE-29E1-4C2C-9587-F52B29E09D10}.Debug|Any CPU.Build.0 = Debug|Any CPU
		{E34CA6FE-29E1-4C2C-9587-F52B29E09D10}.Release|Any CPU.ActiveCfg = Release|Any CPU
		{E34CA6FE-29E1-4C2C-9587-F52B29E09D10}.Release|Any CPU.Build.0 = Release|Any CPU
	EndGlobalSection
	GlobalSection(SolutionProperties) = preSolution
		HideSolutionNode = FALSE
	EndGlobalSection
	GlobalSection(ExtensibilityGlobals) = postSolution
		SolutionGuid = {7FFAD6B7-89E2-4C6B-AF8F-5CB8A832CD0C}
	EndGlobalSection
EndGlobal
